{
  "name": "uvu-asm-language-support",
  "version": "0.0.1",
  "lockfileVersion": 2,
  "requires": true,
  "packages": {
    "": {
      "name": "uvu-asm-language-support",
      "version": "0.0.1",
      "devDependencies": {
        "@types/vscode": "^1.71.0",
        "tsc": "^2.0.4",
        "typescript": "^4.8.3"
      },
      "engines": {
        "vscode": "^1.71.0"
      }
    },
    "node_modules/@types/vscode": {
      "version": "1.71.0",
      "resolved": "https://registry.npmjs.org/@types/vscode/-/vscode-1.71.0.tgz",
      "integrity": "sha512-nB50bBC9H/x2CpwW9FzRRRDrTZ7G0/POttJojvN/LiVfzTGfLyQIje1L1QRMdFXK9G41k5UJN/1B9S4of7CSzA==",
      "dev": true
    },
    "node_modules/tsc": {
      "version": "2.0.4",
      "resolved": "https://registry.npmjs.org/tsc/-/tsc-2.0.4.tgz",
      "integrity": "sha512-fzoSieZI5KKJVBYGvwbVZs/J5za84f2lSTLPYf6AGiIf43tZ3GNrI1QzTLcjtyDDP4aLxd46RTZq1nQxe7+k5Q==",
      "dev": true,
      "bin": {
        "tsc": "bin/tsc"
      }
    },
    "node_modules/typescript": {
      "version": "4.8.3",
      "resolved": "https://registry.npmjs.org/typescript/-/typescript-4.8.3.tgz",
      "integrity": "sha512-goMHfm00nWPa8UvR/CPSvykqf6dVV8x/dp0c5mFTMTIu0u0FlGWRioyy7Nn0PGAdHxpJZnuO/ut+PpQ8UiHAig==",
      "dev": true,
      "bin": {
        "tsc": "bin/tsc",
        "tsserver": "bin/tsserver"
      },
      "engines": {
        "node": ">=4.2.0"
      }
    }
  },
  "dependencies": {
    "@types/vscode": {
      "version": "1.71.0",
      "resolved": "https://registry.npmjs.org/@types/vscode/-/vscode-1.71.0.tgz",
      "integrity": "sha512-nB50bBC9H/x2CpwW9FzRRRDrTZ7G0/POttJojvN/LiVfzTGfLyQIje1L1QRMdFXK9G41k5UJN/1B9S4of7CSzA==",
      "dev": true
    },
    "tsc": {
      "version": "2.0.4",
      "resolved": "https://registry.npmjs.org/tsc/-/tsc-2.0.4.tgz",
      "integrity": "sha512-fzoSieZI5KKJVBYGvwbVZs/J5za84f2lSTLPYf6AGiIf43tZ3GNrI1QzTLcjtyDDP4aLxd46RTZq1nQxe7+k5Q==",
      "dev": true
    },
    "typescript": {
      "version": "4.8.3",
      "resolved": "https://registry.npmjs.org/typescript/-/typescript-4.8.3.tgz",
      "integrity": "sha512-goMHfm00nWPa8UvR/CPSvykqf6dVV8x/dp0c5mFTMTIu0u0FlGWRioyy7Nn0PGAdHxpJZnuO/ut+PpQ8UiHAig==",
      "dev": true
    }
  }
}
